// !$*UTF8*$!
{
	archiveVersion = 1;
	classes = {
	};
	objectVersion = 46;
	objects = {

/* Begin PBXBuildFile section */
		DA17A22C1F1A715A00668BEF /* CustomViewController.swift in Sources */ = {isa = PBXBuildFile; fileRef = DA17A22B1F1A715A00668BEF /* CustomViewController.swift */; };
		DA17A22E1F1A716B00668BEF /* CustomViewController.storyboard in Resources */ = {isa = PBXBuildFile; fileRef = DA17A22D1F1A716B00668BEF /* CustomViewController.storyboard */; };
		DA1825BB1F1A648700755555 /* AppDelegate.swift in Sources */ = {isa = PBXBuildFile; fileRef = DA1825BA1F1A648700755555 /* AppDelegate.swift */; };
		DA1825C01F1A648700755555 /* BottomTabController.storyboard in Resources */ = {isa = PBXBuildFile; fileRef = DA1825BE1F1A648700755555 /* BottomTabController.storyboard */; };
		DA1825C21F1A648700755555 /* Assets.xcassets in Resources */ = {isa = PBXBuildFile; fileRef = DA1825C11F1A648700755555 /* Assets.xcassets */; };
		DA1825C51F1A648700755555 /* LaunchScreen.storyboard in Resources */ = {isa = PBXBuildFile; fileRef = DA1825C31F1A648700755555 /* LaunchScreen.storyboard */; };
		DA1825CE1F1A658300755555 /* BottomTabController.swift in Sources */ = {isa = PBXBuildFile; fileRef = DA1825CC1F1A658300755555 /* BottomTabController.swift */; };
		DA1825D31F1A67AD00755555 /* TopTabController.swift in Sources */ = {isa = PBXBuildFile; fileRef = DA1825D21F1A67AD00755555 /* TopTabController.swift */; };
		DA1825D51F1A67C100755555 /* TopTabController.storyboard in Resources */ = {isa = PBXBuildFile; fileRef = DA1825D41F1A67C100755555 /* TopTabController.storyboard */; };
		DA1FF6CC1F1AA2E40021E7D4 /* TopTabCell.swift in Sources */ = {isa = PBXBuildFile; fileRef = DA1FF6CA1F1AA2E40021E7D4 /* TopTabCell.swift */; };
		DA1FF6CD1F1AA2E40021E7D4 /* TopTabCell.xib in Resources */ = {isa = PBXBuildFile; fileRef = DA1FF6CB1F1AA2E40021E7D4 /* TopTabCell.xib */; };
		DA5328121F1A89FF006B5C3C /* PageViewController.swift in Sources */ = {isa = PBXBuildFile; fileRef = DA5328111F1A89FF006B5C3C /* PageViewController.swift */; };
		DA5328141F1A8A35006B5C3C /* PageViewController.storyboard in Resources */ = {isa = PBXBuildFile; fileRef = DA5328131F1A8A35006B5C3C /* PageViewController.storyboard */; };
/* End PBXBuildFile section */

/* Begin PBXFileReference section */
		DA17A22B1F1A715A00668BEF /* CustomViewController.swift */ = {isa = PBXFileReference; lastKnownFileType = sourcecode.swift; path = CustomViewController.swift; sourceTree = "<group>"; };
		DA17A22D1F1A716B00668BEF /* CustomViewController.storyboard */ = {isa = PBXFileReference; lastKnownFileType = file.storyboard; path = CustomViewController.storyboard; sourceTree = "<group>"; };
		DA1825B71F1A648700755555 /* TabUISample.app */ = {isa = PBXFileReference; explicitFileType = wrapper.application; includeInIndex = 0; path = TabUISample.app; sourceTree = BUILT_PRODUCTS_DIR; };
		DA1825BA1F1A648700755555 /* AppDelegate.swift */ = {isa = PBXFileReference; lastKnownFileType = sourcecode.swift; path = AppDelegate.swift; sourceTree = "<group>"; };
		DA1825BF1F1A648700755555 /* Base */ = {isa = PBXFileReference; lastKnownFileType = file.storyboard; name = Base; path = Base.lproj/BottomTabController.storyboard; sourceTree = "<group>"; };
		DA1825C11F1A648700755555 /* Assets.xcassets */ = {isa = PBXFileReference; lastKnownFileType = folder.assetcatalog; path = Assets.xcassets; sourceTree = "<group>"; };
		DA1825C41F1A648700755555 /* Base */ = {isa = PBXFileReference; lastKnownFileType = file.storyboard; name = Base; path = Base.lproj/LaunchScreen.storyboard; sourceTree = "<group>"; };
		DA1825C61F1A648700755555 /* Info.plist */ = {isa = PBXFileReference; lastKnownFileType = text.plist.xml; path = Info.plist; sourceTree = "<group>"; };
		DA1825CC1F1A658300755555 /* BottomTabController.swift */ = {isa = PBXFileReference; fileEncoding = 4; lastKnownFileType = sourcecode.swift; path = BottomTabController.swift; sourceTree = "<group>"; };
		DA1825D21F1A67AD00755555 /* TopTabController.swift */ = {isa = PBXFileReference; fileEncoding = 4; lastKnownFileType = sourcecode.swift; path = TopTabController.swift; sourceTree = "<group>"; };
		DA1825D41F1A67C100755555 /* TopTabController.storyboard */ = {isa = PBXFileReference; fileEncoding = 4; lastKnownFileType = file.storyboard; path = TopTabController.storyboard; sourceTree = "<group>"; };
		DA1FF6CA1F1AA2E40021E7D4 /* TopTabCell.swift */ = {isa = PBXFileReference; lastKnownFileType = sourcecode.swift; path = TopTabCell.swift; sourceTree = "<group>"; };
		DA1FF6CB1F1AA2E40021E7D4 /* TopTabCell.xib */ = {isa = PBXFileReference; lastKnownFileType = file.xib; path = TopTabCell.xib; sourceTree = "<group>"; };
		DA5328111F1A89FF006B5C3C /* PageViewController.swift */ = {isa = PBXFileReference; fileEncoding = 4; lastKnownFileType = sourcecode.swift; path = PageViewController.swift; sourceTree = "<group>"; };
		DA5328131F1A8A35006B5C3C /* PageViewController.storyboard */ = {isa = PBXFileReference; fileEncoding = 4; lastKnownFileType = file.storyboard; path = PageViewController.storyboard; sourceTree = "<group>"; };
/* End PBXFileReference section */

/* Begin PBXFrameworksBuildPhase section */
		DA1825B41F1A648700755555 /* Frameworks */ = {
			isa = PBXFrameworksBuildPhase;
			buildActionMask = 2147483647;
			files = (
			);
			runOnlyForDeploymentPostprocessing = 0;
		};
/* End PBXFrameworksBuildPhase section */

/* Begin PBXGroup section */
		DA1825AE1F1A648700755555 = {
			isa = PBXGroup;
			children = (
				DA1825B91F1A648700755555 /* TabUISample */,
				DA1825B81F1A648700755555 /* Products */,
			);
			sourceTree = "<group>";
		};
		DA1825B81F1A648700755555 /* Products */ = {
			isa = PBXGroup;
			children = (
				DA1825B71F1A648700755555 /* TabUISample.app */,
			);
			name = Products;
			sourceTree = "<group>";
		};
		DA1825B91F1A648700755555 /* TabUISample */ = {
			isa = PBXGroup;
			children = (
				DA1825BA1F1A648700755555 /* AppDelegate.swift */,
				DA1825CC1F1A658300755555 /* BottomTabController.swift */,
				DA1825BE1F1A648700755555 /* BottomTabController.storyboard */,
				DA1825D21F1A67AD00755555 /* TopTabController.swift */,
				DA1825D41F1A67C100755555 /* TopTabController.storyboard */,
				DA1FF6CA1F1AA2E40021E7D4 /* TopTabCell.swift */,
				DA1FF6CB1F1AA2E40021E7D4 /* TopTabCell.xib */,
				DA5328111F1A89FF006B5C3C /* PageViewController.swift */,
				DA5328131F1A8A35006B5C3C /* PageViewController.storyboard */,
				DA17A22B1F1A715A00668BEF /* CustomViewController.swift */,
				DA17A22D1F1A716B00668BEF /* CustomViewController.storyboard */,
				DA1825C11F1A648700755555 /* Assets.xcassets */,
				DA1825C31F1A648700755555 /* LaunchScreen.storyboard */,
				DA1825C61F1A648700755555 /* Info.plist */,
			);
			path = TabUISample;
			sourceTree = "<group>";
		};
/* End PBXGroup section */

/* Begin PBXNativeTarget section */
		DA1825B61F1A648700755555 /* TabUISample */ = {
			isa = PBXNativeTarget;
			buildConfigurationList = DA1825C91F1A648700755555 /* Build configuration list for PBXNativeTarget "TabUISample" */;
			buildPhases = (
				DA1825B31F1A648700755555 /* Sources */,
				DA1825B41F1A648700755555 /* Frameworks */,
				DA1825B51F1A648700755555 /* Resources */,
			);
			buildRules = (
			);
			dependencies = (
			);
			name = TabUISample;
			productName = TabUISample;
			productReference = DA1825B71F1A648700755555 /* TabUISample.app */;
			productType = "com.apple.product-type.application";
		};
/* End PBXNativeTarget section */

/* Begin PBXProject section */
		DA1825AF1F1A648700755555 /* Project object */ = {
			isa = PBXProject;
			attributes = {
				LastSwiftUpdateCheck = 0830;
				LastUpgradeCheck = 0830;
				ORGANIZATIONNAME = "Shota Nakagami";
				TargetAttributes = {
					DA1825B61F1A648700755555 = {
						CreatedOnToolsVersion = 8.3.3;
						DevelopmentTeam = 8U533Y3X82;
						ProvisioningStyle = Automatic;
					};
				};
			};
			buildConfigurationList = DA1825B21F1A648700755555 /* Build configuration list for PBXProject "TabUISample" */;
			compatibilityVersion = "Xcode 3.2";
			developmentRegion = English;
			hasScannedForEncodings = 0;
			knownRegions = (
				en,
				Base,
			);
			mainGroup = DA1825AE1F1A648700755555;
			productRefGroup = DA1825B81F1A648700755555 /* Products */;
			projectDirPath = "";
			projectRoot = "";
			targets = (
				DA1825B61F1A648700755555 /* TabUISample */,
			);
		};
/* End PBXProject section */

/* Begin PBXResourcesBuildPhase section */
		DA1825B51F1A648700755555 /* Resources */ = {
			isa = PBXResourcesBuildPhase;
			buildActionMask = 2147483647;
			files = (
				DA1825D51F1A67C100755555 /* TopTabController.storyboard in Resources */,
				DA1825C51F1A648700755555 /* LaunchScreen.storyboard in Resources */,
				DA1FF6CD1F1AA2E40021E7D4 /* TopTabCell.xib in Resources */,
				DA1825C21F1A648700755555 /* Assets.xcassets in Resources */,
				DA1825C01F1A648700755555 /* BottomTabController.storyboard in Resources */,
				DA5328141F1A8A35006B5C3C /* PageViewController.storyboard in Resources */,
				DA17A22E1F1A716B00668BEF /* CustomViewController.storyboard in Resources */,
			);
			runOnlyForDeploymentPostprocessing = 0;
		};
/* End PBXResourcesBuildPhase section */

/* Begin PBXSourcesBuildPhase section */
		DA1825B31F1A648700755555 /* Sources */ = {
			isa = PBXSourcesBuildPhase;
			buildActionMask = 2147483647;
			files = (
				DA1825BB1F1A648700755555 /* AppDelegate.swift in Sources */,
				DA5328121F1A89FF006B5C3C /* PageViewController.swift in Sources */,
				DA1825CE1F1A658300755555 /* BottomTabController.swift in Sources */,
				DA1825D31F1A67AD00755555 /* TopTabController.swift in Sources */,
				DA17A22C1F1A715A00668BEF /* CustomViewController.swift in Sources */,
				DA1FF6CC1F1AA2E40021E7D4 /* TopTabCell.swift in Sources */,
			);
			runOnlyForDeploymentPostprocessing = 0;
		};
/* End PBXSourcesBuildPhase section */

/* Begin PBXVariantGroup section */
		DA1825BE1F1A648700755555 /* BottomTabController.storyboard */ = {
			isa = PBXVariantGroup;
			children = (
				DA1825BF1F1A648700755555 /* Base */,
			);
			name = BottomTabController.storyboard;
			sourceTree = "<group>";
		};
		DA1825C31F1A648700755555 /* LaunchScreen.storyboard */ = {
			isa = PBXVariantGroup;
			children = (
				DA1825C41F1A648700755555 /* Base */,
			);
			name = LaunchScreen.storyboard;
			sourceTree = "<group>";
		};
/* End PBXVariantGroup section */

/* Begin XCBuildConfiguration section */
		DA1825C71F1A648700755555 /* Debug */ = {
			isa = XCBuildConfiguration;
			buildSettings = {
				ALWAYS_SEARCH_USER_PATHS = NO;
				CLANG_ANALYZER_NONNULL = YES;
				CLANG_ANALYZER_NUMBER_OBJECT_CONVERSION = YES_AGGRESSIVE;
				CLANG_CXX_LANGUAGE_STANDARD = "gnu++0x";
				CLANG_CXX_LIBRARY = "libc++";
				CLANG_ENABLE_MODULES = YES;
				CLANG_ENABLE_OBJC_ARC = YES;
				CLANG_WARN_BOOL_CONVERSION = YES;
				CLANG_WARN_CONSTANT_CONVERSION = YES;
				CLANG_WARN_DIRECT_OBJC_ISA_USAGE = YES_ERROR;
				CLANG_WARN_DOCUMENTATION_COMMENTS = YES;
				CLANG_WARN_EMPTY_BODY = YES;
				CLANG_WARN_ENUM_CONVERSION = YES;
				CLANG_WARN_INFINITE_RECURSION = YES;
				CLANG_WARN_INT_CONVERSION = YES;
				CLANG_WARN_OBJC_ROOT_CLASS = YES_ERROR;
				CLANG_WARN_SUSPICIOUS_MOVE = YES;
				CLANG_WARN_UNREACHABLE_CODE = YES;
				CLANG_WARN__DUPLICATE_METHOD_MATCH = YES;
				"CODE_SIGN_IDENTITY[sdk=iphoneos*]" = "iPhone Developer";
				COPY_PHASE_STRIP = NO;
				DEBUG_INFORMATION_FORMAT = dwarf;
				ENABLE_STRICT_OBJC_MSGSEND = YES;
				ENABLE_TESTABILITY = YES;
				GCC_C_LANGUAGE_STANDARD = gnu99;
				GCC_DYNAMIC_NO_PIC = NO;
				GCC_NO_COMMON_BLOCKS = YES;
				GCC_OPTIMIZATION_LEVEL = 0;
				GCC_PREPROCESSOR_DEFINITIONS = (
					"DEBUG=1",
					"$(inherited)",
				);
				GCC_WARN_64_TO_32_BIT_CONVERSION = YES;
				GCC_WARN_ABOUT_RETURN_TYPE = YES_ERROR;
				GCC_WARN_UNDECLARED_SELECTOR = YES;
				GCC_WARN_UNINITIALIZED_AUTOS = YES_AGGRESSIVE;
				GCC_WARN_UNUSED_FUNCTION = YES;
				GCC_WARN_UNUSED_VARIABLE = YES;
				IPHONEOS_DEPLOYMENT_TARGET = 10.3;
				MTL_ENABLE_DEBUG_INFO = YES;
				ONLY_ACTIVE_ARCH = YES;
				SDKROOT = iphoneos;
				SWIFT_ACTIVE_COMPILATION_CONDITIONS = DEBUG;
				SWIFT_OPTIMIZATION_LEVEL = "-Onone";
				TARGETED_DEVICE_FAMILY = "1,2";
			};
			name = Debug;
		};
		DA1825C81F1A648700755555 /* Release */ = {
			isa = XCBuildConfiguration;
			buildSettings = {
				ALWAYS_SEARCH_USER_PATHS = NO;
				CLANG_ANALYZER_NONNULL = YES;
				CLANG_ANALYZER_NUMBER_OBJECT_CONVERSION = YES_AGGRESSIVE;
				CLANG_CXX_LANGUAGE_STANDARD = "gnu++0x";
				CLANG_CXX_LIBRARY = "libc++";
				CLANG_ENABLE_MODULES = YES;
				CLANG_ENABLE_OBJC_ARC = YES;
				CLANG_WARN_BOOL_CONVERSION = YES;
				CLANG_WARN_CONSTANT_CONVERSION = YES;
				CLANG_WARN_DIRECT_OBJC_ISA_USAGE = YES_ERROR;
				CLANG_WARN_DOCUMENTATION_COMMENTS = YES;
				CLANG_WARN_EMPTY_BODY = YES;
				CLANG_WARN_ENUM_CONVERSION = YES;
				CLANG_WARN_INFINITE_RECURSION = YES;
				CLANG_WARN_INT_CONVERSION = YES;
				CLANG_WARN_OBJC_ROOT_CLASS = YES_ERROR;
				CLANG_WARN_SUSPICIOUS_MOVE = YES;
				CLANG_WARN_UNREACHABLE_CODE = YES;
				CLANG_WARN__DUPLICATE_METHOD_MATCH = YES;
				"CODE_SIGN_IDENTITY[sdk=iphoneos*]" = "iPhone Developer";
				COPY_PHASE_STRIP = NO;
				DEBUG_INFORMATION_FORMAT = "dwarf-with-dsym";
				ENABLE_NS_ASSERTIONS = NO;
				ENABLE_STRICT_OBJC_MSGSEND = YES;
				GCC_C_LANGUAGE_STANDARD = gnu99;
				GCC_NO_COMMON_BLOCKS = YES;
				GCC_WARN_64_TO_32_BIT_CONVERSION = YES;
				GCC_WARN_ABOUT_RETURN_TYPE = YES_ERROR;
				GCC_WARN_UNDECLARED_SELECTOR = YES;
				GCC_WARN_UNINITIALIZED_AUTOS = YES_AGGRESSIVE;
				GCC_WARN_UNUSED_FUNCTION = YES;
				GCC_WARN_UNUSED_VARIABLE = YES;
				IPHONEOS_DEPLOYMENT_TARGET = 10.3;
				MTL_ENABLE_DEBUG_INFO = NO;
				SDKROOT = iphoneos;
				SWIFT_OPTIMIZATION_LEVEL = "-Owholemodule";
				TARGETED_DEVICE_FAMILY = "1,2";
				VALIDATE_PRODUCT = YES;
			};
			name = Release;
		};
		DA1825CA1F1A648700755555 /* Debug */ = {
			isa = XCBuildConfiguration;
			buildSettings = {
				ASSETCATALOG_COMPILER_APPICON_NAME = AppIcon;
				DEVELOPMENT_TEAM = 8U533Y3X82;
				INFOPLIST_FILE = TabUISample/Info.plist;
				LD_RUNPATH_SEARCH_PATHS = "$(inherited) @executable_path/Frameworks";
				PRODUCT_BUNDLE_IDENTIFIER = com.shotanakagami.TabUISample;
				PRODUCT_NAME = "$(TARGET_NAME)";
				SWIFT_VERSION = 3.0;
			};
			name = Debug;
		};
		DA1825CB1F1A648700755555 /* Release */ = {
			isa = XCBuildConfiguration;
			buildSettings = {
				ASSETCATALOG_COMPILER_APPICON_NAME = AppIcon;
				DEVELOPMENT_TEAM = 8U533Y3X82;
				INFOPLIST_FILE = TabUISample/Info.plist;
				LD_RUNPATH_SEARCH_PATHS = "$(inherited) @executable_path/Frameworks";
				PRODUCT_BUNDLE_IDENTIFIER = com.shotanakagami.TabUISample;
				PRODUCT_NAME = "$(TARGET_NAME)";
				SWIFT_VERSION = 3.0;
			};
			name = Release;
		};
/* End XCBuildConfiguration section */

/* Begin XCConfigurationList section */
		DA1825B21F1A648700755555 /* Build configuration list for PBXProject "TabUISample" */ = {
			isa = XCConfigurationList;
			buildConfigurations = (
				DA1825C71F1A648700755555 /* Debug */,
				DA1825C81F1A648700755555 /* Release */,
			);
			defaultConfigurationIsVisible = 0;
			defaultConfigurationName = Release;
		};
		DA1825C91F1A648700755555 /* Build configuration list for PBXNativeTarget "TabUISample" */ = {
			isa = XCConfigurationList;
			buildConfigurations = (
				DA1825CA1F1A648700755555 /* Debug */,
				DA1825CB1F1A648700755555 /* Release */,
			);
			defaultConfigurationIsVisible = 0;
			defaultConfigurationName = Release;
		};
/* End XCConfigurationList section */
	};
	rootObject = DA1825AF1F1A648700755555 /* Project object */;
}
